PODS:
  - FlutterMacOS (1.0.0)
  - record_macos (1.1.0):
    - FlutterMacOS
  - rust_lib_pure_pitch (0.0.1):
    - FlutterMacOS

DEPENDENCIES:
  - FlutterMacOS (from `Flutter/ephemeral`)
  - record_macos (from `Flutter/ephemeral/.symlinks/plugins/record_macos/macos`)
  - rust_lib_pure_pitch (from `Flutter/ephemeral/.symlinks/plugins/rust_lib_pure_pitch/macos`)

EXTERNAL SOURCES:
  FlutterMacOS:
    :path: Flutter/ephemeral
  record_macos:
    :path: Flutter/ephemeral/.symlinks/plugins/record_macos/macos
  rust_lib_pure_pitch:
    :path: Flutter/ephemeral/.symlinks/plugins/rust_lib_pure_pitch/macos

SPEC CHECKSUMS:
  FlutterMacOS: d0db08ddef1a9af05a5ec4b724367152bb0500b1
  record_macos: 43194b6c06ca6f8fa132e2acea72b202b92a0f5b
  rust_lib_pure_pitch: 0a018160584ce0cfbbcc09be29885542eb6b7852

PODFILE CHECKSUM: 54d867c82ac51cbd61b565781b9fada492027009

COCOAPODS: 1.16.2
